
Microsoft Visual Studio Solution File, Format Version 12.00
# Visual Studio 15
Project("{FAE04EC0-301F-11D3-BF4B-00C04F79EFBC}") = "Unity.Timeline", "Unity.Timeline.csproj", "{AFC40362-E8F2-1883-DC5A-42F63E72CE35}"
EndProject
Project("{FAE04EC0-301F-11D3-BF4B-00C04F79EFBC}") = "Unity.Timeline.Editor", "Unity.Timeline.Editor.csproj", "{0E84A102-6471-6BB0-F645-5195854E1557}"
EndProject
Project("{FAE04EC0-301F-11D3-BF4B-00C04F79EFBC}") = "Unity.PlasticSCM.Editor", "Unity.PlasticSCM.Editor.csproj", "{4935AA2A-5833-2829-EA09-060D8AD4E004}"
EndProject
Project("{FAE04EC0-301F-11D3-BF4B-00C04F79EFBC}") = "Unity.TextMeshPro.Editor", "Unity.TextMeshPro.Editor.csproj", "{8CFA33DE-B3A0-A16F-3A52-9399ADCDB4C0}"
EndProject
Project("{FAE04EC0-301F-11D3-BF4B-00C04F79EFBC}") = "Unity.VisualScripting.Flow", "Unity.VisualScripting.Flow.csproj", "{FBD751B5-E8FA-F168-A5A5-55F6D422C189}"
EndProject
Project("{FAE04EC0-301F-11D3-BF4B-00C04F79EFBC}") = "UnityEditor.UI", "UnityEditor.UI.csproj", "{75CE8776-961F-2B06-9767-5805FC81C422}"
EndProject
Project("{FAE04EC0-301F-11D3-BF4B-00C04F79EFBC}") = "Unity.VisualScripting.Core", "Unity.VisualScripting.Core.csproj", "{E42D26B7-51E7-C564-C491-52C41E675136}"
EndProject
Project("{FAE04EC0-301F-11D3-BF4B-00C04F79EFBC}") = "Unity.VisualScripting.Core.Editor", "Unity.VisualScripting.Core.Editor.csproj", "{DC7168BC-1A62-160E-77E6-17637D591FD0}"
EndProject
Project("{FAE04EC0-301F-11D3-BF4B-00C04F79EFBC}") = "Unity.VisualScripting.Flow.Editor", "Unity.VisualScripting.Flow.Editor.csproj", "{39DD3CDC-C67E-BC3A-1A1D-2A205251D9C7}"
EndProject
Project("{FAE04EC0-301F-11D3-BF4B-00C04F79EFBC}") = "UnityEditor.TestRunner", "UnityEditor.TestRunner.csproj", "{6FA6EE1B-7828-BAD4-F6EA-C5AE8A51A4BF}"
EndProject
Project("{FAE04EC0-301F-11D3-BF4B-00C04F79EFBC}") = "Unity.VisualScripting.SettingsProvider.Editor", "Unity.VisualScripting.SettingsProvider.Editor.csproj", "{7E65016C-2193-141C-803D-C7F044F47F65}"
EndProject
Project("{FAE04EC0-301F-11D3-BF4B-00C04F79EFBC}") = "UnityEngine.TestRunner", "UnityEngine.TestRunner.csproj", "{0C971B3E-B527-0520-1533-AF8817E97D55}"
EndProject
Project("{FAE04EC0-301F-11D3-BF4B-00C04F79EFBC}") = "Assembly-CSharp", "Assembly-CSharp.csproj", "{B7DB578A-936A-3DFC-04D9-7B0A95CFCFEA}"
EndProject
Project("{FAE04EC0-301F-11D3-BF4B-00C04F79EFBC}") = "UnityEngine.UI", "UnityEngine.UI.csproj", "{76D724AD-1844-A0F7-A57C-9D1306B3B8EC}"
EndProject
Project("{FAE04EC0-301F-11D3-BF4B-00C04F79EFBC}") = "Unity.VisualStudio.Editor", "Unity.VisualStudio.Editor.csproj", "{42C11785-6B69-164B-D3DC-E1DFF93ACF2D}"
EndProject
Project("{FAE04EC0-301F-11D3-BF4B-00C04F79EFBC}") = "Unity.TestTools.CodeCoverage.Editor.OpenCover.Model", "Unity.TestTools.CodeCoverage.Editor.OpenCover.Model.csproj", "{259C908C-043A-ABC1-F181-03801B907F7C}"
EndProject
Project("{FAE04EC0-301F-11D3-BF4B-00C04F79EFBC}") = "Unity.Rider.Editor", "Unity.Rider.Editor.csproj", "{A4CE275C-B11F-9970-1189-77195F62F60D}"
EndProject
Project("{FAE04EC0-301F-11D3-BF4B-00C04F79EFBC}") = "Unity.VisualScripting.State.Editor", "Unity.VisualScripting.State.Editor.csproj", "{72C75029-1078-E144-3CB2-3F2D25A94D6C}"
EndProject
Project("{FAE04EC0-301F-11D3-BF4B-00C04F79EFBC}") = "Unity.TestTools.CodeCoverage.Editor", "Unity.TestTools.CodeCoverage.Editor.csproj", "{73090EA1-16EA-E3D3-7DCD-41E9C577E912}"
EndProject
Project("{FAE04EC0-301F-11D3-BF4B-00C04F79EFBC}") = "BigRookGames", "BigRookGames.csproj", "{6A6FC4EF-587A-C96D-E627-911A12A04196}"
EndProject
Project("{FAE04EC0-301F-11D3-BF4B-00C04F79EFBC}") = "Unity.VisualScripting.State", "Unity.VisualScripting.State.csproj", "{5BB80526-16D3-C7F7-A931-AF362E06D6F3}"
EndProject
Project("{FAE04EC0-301F-11D3-BF4B-00C04F79EFBC}") = "Unity.TextMeshPro", "Unity.TextMeshPro.csproj", "{8906835B-1B35-A5D8-683F-532994310CB3}"
EndProject
Project("{FAE04EC0-301F-11D3-BF4B-00C04F79EFBC}") = "Unity.Performance.Profile-Analyzer.Editor", "Unity.Performance.Profile-Analyzer.Editor.csproj", "{3AFA039D-7A60-1D3D-4CA2-FBF983E8A5AA}"
EndProject
Project("{FAE04EC0-301F-11D3-BF4B-00C04F79EFBC}") = "Unity.VSCode.Editor", "Unity.VSCode.Editor.csproj", "{52292B60-F2D6-99D9-C150-9316A5761221}"
EndProject
Project("{FAE04EC0-301F-11D3-BF4B-00C04F79EFBC}") = "Unity.TestTools.CodeCoverage.Editor.OpenCover.Mono.Reflection", "Unity.TestTools.CodeCoverage.Editor.OpenCover.Mono.Reflection.csproj", "{F63A42FA-5CE6-3FB0-4AD3-B50C25FCD47F}"
EndProject
Project("{FAE04EC0-301F-11D3-BF4B-00C04F79EFBC}") = "Unity.Settings.Editor", "Unity.Settings.Editor.csproj", "{C479704D-8F54-E33B-E552-71E870DB81C9}"
EndProject
Project("{FAE04EC0-301F-11D3-BF4B-00C04F79EFBC}") = "Unity.EditorCoroutines.Editor", "Unity.EditorCoroutines.Editor.csproj", "{CFA06BE6-017D-B60F-455B-5591A0BAB2FD}"
EndProject
Project("{FAE04EC0-301F-11D3-BF4B-00C04F79EFBC}") = "Unity.CollabProxy.Editor", "Unity.CollabProxy.Editor.csproj", "{AB84C484-5818-0535-B1E1-05B2AF337684}"
EndProject
Project("{FAE04EC0-301F-11D3-BF4B-00C04F79EFBC}") = "Unity.VisualScripting.Shared.Editor", "Unity.VisualScripting.Shared.Editor.csproj", "{8B5C51DD-0AF5-B754-2152-7B3E80CADF80}"
EndProject
Project("{FAE04EC0-301F-11D3-BF4B-00C04F79EFBC}") = "Unity.PlasticSCM.Editor.Entities", "Unity.PlasticSCM.Editor.Entities.csproj", "{67322B61-3A97-2776-4A6B-DBAA9036AFBC}"
EndProject
Project("{FAE04EC0-301F-11D3-BF4B-00C04F79EFBC}") = "Unity.Timeline", "Unity.Timeline.Player.csproj", "{8181ACF7-D7D7-7768-E3AF-3F84FB6B947B}"
EndProject
Project("{FAE04EC0-301F-11D3-BF4B-00C04F79EFBC}") = "Unity.VisualScripting.Flow", "Unity.VisualScripting.Flow.Player.csproj", "{2ED9F7FF-662E-0D86-CD9F-ACFB62330BB9}"
EndProject
Project("{FAE04EC0-301F-11D3-BF4B-00C04F79EFBC}") = "Unity.VisualScripting.Core", "Unity.VisualScripting.Core.Player.csproj", "{21B2B80E-351C-E657-B03A-192CBF18252F}"
EndProject
Project("{FAE04EC0-301F-11D3-BF4B-00C04F79EFBC}") = "UnityEngine.TestRunner", "UnityEngine.TestRunner.Player.csproj", "{CB3F3A21-3C0F-3597-551D-69E88D49EDFC}"
EndProject
Project("{FAE04EC0-301F-11D3-BF4B-00C04F79EFBC}") = "Assembly-CSharp", "Assembly-CSharp.Player.csproj", "{B848ADE6-395A-8069-D604-B3ECAF3E887C}"
EndProject
Project("{FAE04EC0-301F-11D3-BF4B-00C04F79EFBC}") = "UnityEngine.UI", "UnityEngine.UI.Player.csproj", "{2522505F-6F19-9D4E-CD73-46AC1A83E304}"
EndProject
Project("{FAE04EC0-301F-11D3-BF4B-00C04F79EFBC}") = "BigRookGames", "BigRookGames.Player.csproj", "{F5F1402D-0628-CA75-A5F4-EBCABC969254}"
EndProject
Project("{FAE04EC0-301F-11D3-BF4B-00C04F79EFBC}") = "Unity.VisualScripting.State", "Unity.VisualScripting.State.Player.csproj", "{5A362BA8-C729-B2C8-22E8-A0F988D6BAED}"
EndProject
Project("{FAE04EC0-301F-11D3-BF4B-00C04F79EFBC}") = "Unity.TextMeshPro", "Unity.TextMeshPro.Player.csproj", "{BEF8092B-6E20-3E95-D9FD-F2860D177BFC}"
EndProject
Global
	GlobalSection(SolutionConfigurationPlatforms) = preSolution
		Debug|Any CPU = Debug|Any CPU
		Release|Any CPU = Release|Any CPU
	EndGlobalSection
	GlobalSection(ProjectConfigurationPlatforms) = postSolution
		{AFC40362-E8F2-1883-DC5A-42F63E72CE35}.Debug|Any CPU.ActiveCfg = Debug|Any CPU
		{AFC40362-E8F2-1883-DC5A-42F63E72CE35}.Debug|Any CPU.Build.0 = Debug|Any CPU
		{AFC40362-E8F2-1883-DC5A-42F63E72CE35}.Release|Any CPU.ActiveCfg = Release|Any CPU
		{AFC40362-E8F2-1883-DC5A-42F63E72CE35}.Release|Any CPU.Build.0 = Release|Any CPU
		{0E84A102-6471-6BB0-F645-5195854E1557}.Debug|Any CPU.ActiveCfg = Debug|Any CPU
		{0E84A102-6471-6BB0-F645-5195854E1557}.Debug|Any CPU.Build.0 = Debug|Any CPU
		{0E84A102-6471-6BB0-F645-5195854E1557}.Release|Any CPU.ActiveCfg = Release|Any CPU
		{0E84A102-6471-6BB0-F645-5195854E1557}.Release|Any CPU.Build.0 = Release|Any CPU
		{4935AA2A-5833-2829-EA09-060D8AD4E004}.Debug|Any CPU.ActiveCfg = Debug|Any CPU
		{4935AA2A-5833-2829-EA09-060D8AD4E004}.Debug|Any CPU.Build.0 = Debug|Any CPU
		{4935AA2A-5833-2829-EA09-060D8AD4E004}.Release|Any CPU.ActiveCfg = Release|Any CPU
		{4935AA2A-5833-2829-EA09-060D8AD4E004}.Release|Any CPU.Build.0 = Release|Any CPU
		{8CFA33DE-B3A0-A16F-3A52-9399ADCDB4C0}.Debug|Any CPU.ActiveCfg = Debug|Any CPU
		{8CFA33DE-B3A0-A16F-3A52-9399ADCDB4C0}.Debug|Any CPU.Build.0 = Debug|Any CPU
		{8CFA33DE-B3A0-A16F-3A52-9399ADCDB4C0}.Release|Any CPU.ActiveCfg = Release|Any CPU
		{8CFA33DE-B3A0-A16F-3A52-9399ADCDB4C0}.Release|Any CPU.Build.0 = Release|Any CPU
		{FBD751B5-E8FA-F168-A5A5-55F6D422C189}.Debug|Any CPU.ActiveCfg = Debug|Any CPU
		{FBD751B5-E8FA-F168-A5A5-55F6D422C189}.Debug|Any CPU.Build.0 = Debug|Any CPU
		{FBD751B5-E8FA-F168-A5A5-55F6D422C189}.Release|Any CPU.ActiveCfg = Release|Any CPU
		{FBD751B5-E8FA-F168-A5A5-55F6D422C189}.Release|Any CPU.Build.0 = Release|Any CPU
		{75CE8776-961F-2B06-9767-5805FC81C422}.Debug|Any CPU.ActiveCfg = Debug|Any CPU
		{75CE8776-961F-2B06-9767-5805FC81C422}.Debug|Any CPU.Build.0 = Debug|Any CPU
		{75CE8776-961F-2B06-9767-5805FC81C422}.Release|Any CPU.ActiveCfg = Release|Any CPU
		{75CE8776-961F-2B06-9767-5805FC81C422}.Release|Any CPU.Build.0 = Release|Any CPU
		{E42D26B7-51E7-C564-C491-52C41E675136}.Debug|Any CPU.ActiveCfg = Debug|Any CPU
		{E42D26B7-51E7-C564-C491-52C41E675136}.Debug|Any CPU.Build.0 = Debug|Any CPU
		{E42D26B7-51E7-C564-C491-52C41E675136}.Release|Any CPU.ActiveCfg = Release|Any CPU
		{E42D26B7-51E7-C564-C491-52C41E675136}.Release|Any CPU.Build.0 = Release|Any CPU
		{DC7168BC-1A62-160E-77E6-17637D591FD0}.Debug|Any CPU.ActiveCfg = Debug|Any CPU
		{DC7168BC-1A62-160E-77E6-17637D591FD0}.Debug|Any CPU.Build.0 = Debug|Any CPU
		{DC7168BC-1A62-160E-77E6-17637D591FD0}.Release|Any CPU.ActiveCfg = Release|Any CPU
		{DC7168BC-1A62-160E-77E6-17637D591FD0}.Release|Any CPU.Build.0 = Release|Any CPU
		{39DD3CDC-C67E-BC3A-1A1D-2A205251D9C7}.Debug|Any CPU.ActiveCfg = Debug|Any CPU
		{39DD3CDC-C67E-BC3A-1A1D-2A205251D9C7}.Debug|Any CPU.Build.0 = Debug|Any CPU
		{39DD3CDC-C67E-BC3A-1A1D-2A205251D9C7}.Release|Any CPU.ActiveCfg = Release|Any CPU
		{39DD3CDC-C67E-BC3A-1A1D-2A205251D9C7}.Release|Any CPU.Build.0 = Release|Any CPU
		{6FA6EE1B-7828-BAD4-F6EA-C5AE8A51A4BF}.Debug|Any CPU.ActiveCfg = Debug|Any CPU
		{6FA6EE1B-7828-BAD4-F6EA-C5AE8A51A4BF}.Debug|Any CPU.Build.0 = Debug|Any CPU
		{6FA6EE1B-7828-BAD4-F6EA-C5AE8A51A4BF}.Release|Any CPU.ActiveCfg = Release|Any CPU
		{6FA6EE1B-7828-BAD4-F6EA-C5AE8A51A4BF}.Release|Any CPU.Build.0 = Release|Any CPU
		{7E65016C-2193-141C-803D-C7F044F47F65}.Debug|Any CPU.ActiveCfg = Debug|Any CPU
		{7E65016C-2193-141C-803D-C7F044F47F65}.Debug|Any CPU.Build.0 = Debug|Any CPU
		{7E65016C-2193-141C-803D-C7F044F47F65}.Release|Any CPU.ActiveCfg = Release|Any CPU
		{7E65016C-2193-141C-803D-C7F044F47F65}.Release|Any CPU.Build.0 = Release|Any CPU
		{0C971B3E-B527-0520-1533-AF8817E97D55}.Debug|Any CPU.ActiveCfg = Debug|Any CPU
		{0C971B3E-B527-0520-1533-AF8817E97D55}.Debug|Any CPU.Build.0 = Debug|Any CPU
		{0C971B3E-B527-0520-1533-AF8817E97D55}.Release|Any CPU.ActiveCfg = Release|Any CPU
		{0C971B3E-B527-0520-1533-AF8817E97D55}.Release|Any CPU.Build.0 = Release|Any CPU
		{B7DB578A-936A-3DFC-04D9-7B0A95CFCFEA}.Debug|Any CPU.ActiveCfg = Debug|Any CPU
		{B7DB578A-936A-3DFC-04D9-7B0A95CFCFEA}.Debug|Any CPU.Build.0 = Debug|Any CPU
		{B7DB578A-936A-3DFC-04D9-7B0A95CFCFEA}.Release|Any CPU.ActiveCfg = Release|Any CPU
		{B7DB578A-936A-3DFC-04D9-7B0A95CFCFEA}.Release|Any CPU.Build.0 = Release|Any CPU
		{76D724AD-1844-A0F7-A57C-9D1306B3B8EC}.Debug|Any CPU.ActiveCfg = Debug|Any CPU
		{76D724AD-1844-A0F7-A57C-9D1306B3B8EC}.Debug|Any CPU.Build.0 = Debug|Any CPU
		{76D724AD-1844-A0F7-A57C-9D1306B3B8EC}.Release|Any CPU.ActiveCfg = Release|Any CPU
		{76D724AD-1844-A0F7-A57C-9D1306B3B8EC}.Release|Any CPU.Build.0 = Release|Any CPU
		{42C11785-6B69-164B-D3DC-E1DFF93ACF2D}.Debug|Any CPU.ActiveCfg = Debug|Any CPU
		{42C11785-6B69-164B-D3DC-E1DFF93ACF2D}.Debug|Any CPU.Build.0 = Debug|Any CPU
		{42C11785-6B69-164B-D3DC-E1DFF93ACF2D}.Release|Any CPU.ActiveCfg = Release|Any CPU
		{42C11785-6B69-164B-D3DC-E1DFF93ACF2D}.Release|Any CPU.Build.0 = Release|Any CPU
		{259C908C-043A-ABC1-F181-03801B907F7C}.Debug|Any CPU.ActiveCfg = Debug|Any CPU
		{259C908C-043A-ABC1-F181-03801B907F7C}.Debug|Any CPU.Build.0 = Debug|Any CPU
		{259C908C-043A-ABC1-F181-03801B907F7C}.Release|Any CPU.ActiveCfg = Release|Any CPU
		{259C908C-043A-ABC1-F181-03801B907F7C}.Release|Any CPU.Build.0 = Release|Any CPU
		{A4CE275C-B11F-9970-1189-77195F62F60D}.Debug|Any CPU.ActiveCfg = Debug|Any CPU
		{A4CE275C-B11F-9970-1189-77195F62F60D}.Debug|Any CPU.Build.0 = Debug|Any CPU
		{A4CE275C-B11F-9970-1189-77195F62F60D}.Release|Any CPU.ActiveCfg = Release|Any CPU
		{A4CE275C-B11F-9970-1189-77195F62F60D}.Release|Any CPU.Build.0 = Release|Any CPU
		{72C75029-1078-E144-3CB2-3F2D25A94D6C}.Debug|Any CPU.ActiveCfg = Debug|Any CPU
		{72C75029-1078-E144-3CB2-3F2D25A94D6C}.Debug|Any CPU.Build.0 = Debug|Any CPU
		{72C75029-1078-E144-3CB2-3F2D25A94D6C}.Release|Any CPU.ActiveCfg = Release|Any CPU
		{72C75029-1078-E144-3CB2-3F2D25A94D6C}.Release|Any CPU.Build.0 = Release|Any CPU
		{73090EA1-16EA-E3D3-7DCD-41E9C577E912}.Debug|Any CPU.ActiveCfg = Debug|Any CPU
		{73090EA1-16EA-E3D3-7DCD-41E9C577E912}.Debug|Any CPU.Build.0 = Debug|Any CPU
		{73090EA1-16EA-E3D3-7DCD-41E9C577E912}.Release|Any CPU.ActiveCfg = Release|Any CPU
		{73090EA1-16EA-E3D3-7DCD-41E9C577E912}.Release|Any CPU.Build.0 = Release|Any CPU
		{6A6FC4EF-587A-C96D-E627-911A12A04196}.Debug|Any CPU.ActiveCfg = Debug|Any CPU
		{6A6FC4EF-587A-C96D-E627-911A12A04196}.Debug|Any CPU.Build.0 = Debug|Any CPU
		{6A6FC4EF-587A-C96D-E627-911A12A04196}.Release|Any CPU.ActiveCfg = Release|Any CPU
		{6A6FC4EF-587A-C96D-E627-911A12A04196}.Release|Any CPU.Build.0 = Release|Any CPU
		{5BB80526-16D3-C7F7-A931-AF362E06D6F3}.Debug|Any CPU.ActiveCfg = Debug|Any CPU
		{5BB80526-16D3-C7F7-A931-AF362E06D6F3}.Debug|Any CPU.Build.0 = Debug|Any CPU
		{5BB80526-16D3-C7F7-A931-AF362E06D6F3}.Release|Any CPU.ActiveCfg = Release|Any CPU
		{5BB80526-16D3-C7F7-A931-AF362E06D6F3}.Release|Any CPU.Build.0 = Release|Any CPU
		{8906835B-1B35-A5D8-683F-532994310CB3}.Debug|Any CPU.ActiveCfg = Debug|Any CPU
		{8906835B-1B35-A5D8-683F-532994310CB3}.Debug|Any CPU.Build.0 = Debug|Any CPU
		{8906835B-1B35-A5D8-683F-532994310CB3}.Release|Any CPU.ActiveCfg = Release|Any CPU
		{8906835B-1B35-A5D8-683F-532994310CB3}.Release|Any CPU.Build.0 = Release|Any CPU
		{3AFA039D-7A60-1D3D-4CA2-FBF983E8A5AA}.Debug|Any CPU.ActiveCfg = Debug|Any CPU
		{3AFA039D-7A60-1D3D-4CA2-FBF983E8A5AA}.Debug|Any CPU.Build.0 = Debug|Any CPU
		{3AFA039D-7A60-1D3D-4CA2-FBF983E8A5AA}.Release|Any CPU.ActiveCfg = Release|Any CPU
		{3AFA039D-7A60-1D3D-4CA2-FBF983E8A5AA}.Release|Any CPU.Build.0 = Release|Any CPU
		{52292B60-F2D6-99D9-C150-9316A5761221}.Debug|Any CPU.ActiveCfg = Debug|Any CPU
		{52292B60-F2D6-99D9-C150-9316A5761221}.Debug|Any CPU.Build.0 = Debug|Any CPU
		{52292B60-F2D6-99D9-C150-9316A5761221}.Release|Any CPU.ActiveCfg = Release|Any CPU
		{52292B60-F2D6-99D9-C150-9316A5761221}.Release|Any CPU.Build.0 = Release|Any CPU
		{F63A42FA-5CE6-3FB0-4AD3-B50C25FCD47F}.Debug|Any CPU.ActiveCfg = Debug|Any CPU
		{F63A42FA-5CE6-3FB0-4AD3-B50C25FCD47F}.Debug|Any CPU.Build.0 = Debug|Any CPU
		{F63A42FA-5CE6-3FB0-4AD3-B50C25FCD47F}.Release|Any CPU.ActiveCfg = Release|Any CPU
		{F63A42FA-5CE6-3FB0-4AD3-B50C25FCD47F}.Release|Any CPU.Build.0 = Release|Any CPU
		{C479704D-8F54-E33B-E552-71E870DB81C9}.Debug|Any CPU.ActiveCfg = Debug|Any CPU
		{C479704D-8F54-E33B-E552-71E870DB81C9}.Debug|Any CPU.Build.0 = Debug|Any CPU
		{C479704D-8F54-E33B-E552-71E870DB81C9}.Release|Any CPU.ActiveCfg = Release|Any CPU
		{C479704D-8F54-E33B-E552-71E870DB81C9}.Release|Any CPU.Build.0 = Release|Any CPU
		{CFA06BE6-017D-B60F-455B-5591A0BAB2FD}.Debug|Any CPU.ActiveCfg = Debug|Any CPU
		{CFA06BE6-017D-B60F-455B-5591A0BAB2FD}.Debug|Any CPU.Build.0 = Debug|Any CPU
		{CFA06BE6-017D-B60F-455B-5591A0BAB2FD}.Release|Any CPU.ActiveCfg = Release|Any CPU
		{CFA06BE6-017D-B60F-455B-5591A0BAB2FD}.Release|Any CPU.Build.0 = Release|Any CPU
		{AB84C484-5818-0535-B1E1-05B2AF337684}.Debug|Any CPU.ActiveCfg = Debug|Any CPU
		{AB84C484-5818-0535-B1E1-05B2AF337684}.Debug|Any CPU.Build.0 = Debug|Any CPU
		{AB84C484-5818-0535-B1E1-05B2AF337684}.Release|Any CPU.ActiveCfg = Release|Any CPU
		{AB84C484-5818-0535-B1E1-05B2AF337684}.Release|Any CPU.Build.0 = Release|Any CPU
		{8B5C51DD-0AF5-B754-2152-7B3E80CADF80}.Debug|Any CPU.ActiveCfg = Debug|Any CPU
		{8B5C51DD-0AF5-B754-2152-7B3E80CADF80}.Debug|Any CPU.Build.0 = Debug|Any CPU
		{8B5C51DD-0AF5-B754-2152-7B3E80CADF80}.Release|Any CPU.ActiveCfg = Release|Any CPU
		{8B5C51DD-0AF5-B754-2152-7B3E80CADF80}.Release|Any CPU.Build.0 = Release|Any CPU
		{67322B61-3A97-2776-4A6B-DBAA9036AFBC}.Debug|Any CPU.ActiveCfg = Debug|Any CPU
		{67322B61-3A97-2776-4A6B-DBAA9036AFBC}.Debug|Any CPU.Build.0 = Debug|Any CPU
		{67322B61-3A97-2776-4A6B-DBAA9036AFBC}.Release|Any CPU.ActiveCfg = Release|Any CPU
		{67322B61-3A97-2776-4A6B-DBAA9036AFBC}.Release|Any CPU.Build.0 = Release|Any CPU
		{8181ACF7-D7D7-7768-E3AF-3F84FB6B947B}.Debug|Any CPU.ActiveCfg = Debug|Any CPU
		{8181ACF7-D7D7-7768-E3AF-3F84FB6B947B}.Debug|Any CPU.Build.0 = Debug|Any CPU
		{8181ACF7-D7D7-7768-E3AF-3F84FB6B947B}.Release|Any CPU.ActiveCfg = Release|Any CPU
		{8181ACF7-D7D7-7768-E3AF-3F84FB6B947B}.Release|Any CPU.Build.0 = Release|Any CPU
		{2ED9F7FF-662E-0D86-CD9F-ACFB62330BB9}.Debug|Any CPU.ActiveCfg = Debug|Any CPU
		{2ED9F7FF-662E-0D86-CD9F-ACFB62330BB9}.Debug|Any CPU.Build.0 = Debug|Any CPU
		{2ED9F7FF-662E-0D86-CD9F-ACFB62330BB9}.Release|Any CPU.ActiveCfg = Release|Any CPU
		{2ED9F7FF-662E-0D86-CD9F-ACFB62330BB9}.Release|Any CPU.Build.0 = Release|Any CPU
		{21B2B80E-351C-E657-B03A-192CBF18252F}.Debug|Any CPU.ActiveCfg = Debug|Any CPU
		{21B2B80E-351C-E657-B03A-192CBF18252F}.Debug|Any CPU.Build.0 = Debug|Any CPU
		{21B2B80E-351C-E657-B03A-192CBF18252F}.Release|Any CPU.ActiveCfg = Release|Any CPU
		{21B2B80E-351C-E657-B03A-192CBF18252F}.Release|Any CPU.Build.0 = Release|Any CPU
		{CB3F3A21-3C0F-3597-551D-69E88D49EDFC}.Debug|Any CPU.ActiveCfg = Debug|Any CPU
		{CB3F3A21-3C0F-3597-551D-69E88D49EDFC}.Debug|Any CPU.Build.0 = Debug|Any CPU
		{CB3F3A21-3C0F-3597-551D-69E88D49EDFC}.Release|Any CPU.ActiveCfg = Release|Any CPU
		{CB3F3A21-3C0F-3597-551D-69E88D49EDFC}.Release|Any CPU.Build.0 = Release|Any CPU
		{B848ADE6-395A-8069-D604-B3ECAF3E887C}.Debug|Any CPU.ActiveCfg = Debug|Any CPU
		{B848ADE6-395A-8069-D604-B3ECAF3E887C}.Debug|Any CPU.Build.0 = Debug|Any CPU
		{B848ADE6-395A-8069-D604-B3ECAF3E887C}.Release|Any CPU.ActiveCfg = Release|Any CPU
		{B848ADE6-395A-8069-D604-B3ECAF3E887C}.Release|Any CPU.Build.0 = Release|Any CPU
		{2522505F-6F19-9D4E-CD73-46AC1A83E304}.Debug|Any CPU.ActiveCfg = Debug|Any CPU
		{2522505F-6F19-9D4E-CD73-46AC1A83E304}.Debug|Any CPU.Build.0 = Debug|Any CPU
		{2522505F-6F19-9D4E-CD73-46AC1A83E304}.Release|Any CPU.ActiveCfg = Release|Any CPU
		{2522505F-6F19-9D4E-CD73-46AC1A83E304}.Release|Any CPU.Build.0 = Release|Any CPU
		{F5F1402D-0628-CA75-A5F4-EBCABC969254}.Debug|Any CPU.ActiveCfg = Debug|Any CPU
		{F5F1402D-0628-CA75-A5F4-EBCABC969254}.Debug|Any CPU.Build.0 = Debug|Any CPU
		{F5F1402D-0628-CA75-A5F4-EBCABC969254}.Release|Any CPU.ActiveCfg = Release|Any CPU
		{F5F1402D-0628-CA75-A5F4-EBCABC969254}.Release|Any CPU.Build.0 = Release|Any CPU
		{5A362BA8-C729-B2C8-22E8-A0F988D6BAED}.Debug|Any CPU.ActiveCfg = Debug|Any CPU
		{5A362BA8-C729-B2C8-22E8-A0F988D6BAED}.Debug|Any CPU.Build.0 = Debug|Any CPU
		{5A362BA8-C729-B2C8-22E8-A0F988D6BAED}.Release|Any CPU.ActiveCfg = Release|Any CPU
		{5A362BA8-C729-B2C8-22E8-A0F988D6BAED}.Release|Any CPU.Build.0 = Release|Any CPU
		{BEF8092B-6E20-3E95-D9FD-F2860D177BFC}.Debug|Any CPU.ActiveCfg = Debug|Any CPU
		{BEF8092B-6E20-3E95-D9FD-F2860D177BFC}.Debug|Any CPU.Build.0 = Debug|Any CPU
		{BEF8092B-6E20-3E95-D9FD-F2860D177BFC}.Release|Any CPU.ActiveCfg = Release|Any CPU
		{BEF8092B-6E20-3E95-D9FD-F2860D177BFC}.Release|Any CPU.Build.0 = Release|Any CPU
	EndGlobalSection
	GlobalSection(SolutionProperties) = preSolution
		HideSolutionNode = FALSE
	EndGlobalSection
EndGlobal
